
Microsoft Visual Studio Solution File, Format Version 12.00
# Visual Studio Version 16
VisualStudioVersion = 16.0.30523.141
MinimumVisualStudioVersion = 10.0.40219.1
Project("{FAE04EC0-301F-11D3-BF4B-00C04F79EFBC}") = "TRUCSBot", "TRUCSBot\TRUCSBot.csproj", "{7FFEF262-1957-400A-813E-B1025E064991}"
EndProject
Global
	GlobalSection(SolutionConfigurationPlatforms) = preSolution
		Debug|Any CPU = Debug|Any CPU
		Release|Any CPU = Release|Any CPU
	EndGlobalSection
	GlobalSection(ProjectConfigurationPlatforms) = postSolution
		{7FFEF262-1957-400A-813E-B1025E064991}.Debug|Any CPU.ActiveCfg = Debug|Any CPU
		{7FFEF262-1957-400A-813E-B1025E064991}.Debug|Any CPU.Build.0 = Debug|Any CPU
		{7FFEF262-1957-400A-813E-B1025E064991}.Release|Any CPU.ActiveCfg = Release|Any CPU
		{7FFEF262-1957-400A-813E-B1025E064991}.Release|Any CPU.Build.0 = Release|Any CPU
	EndGlobalSection
	GlobalSection(SolutionProperties) = preSolution
		HideSolutionNode = FALSE
	EndGlobalSection
	GlobalSection(ExtensibilityGlobals) = postSolution
		SolutionGuid = {013A4DE9-C2DE-4212-8560-A4DE36A52E04}
	EndGlobalSection
EndGlobal
